// !$*UTF8*$!
{
	archiveVersion = 1;
	classes = {
	};
	objectVersion = 55;
	objects = {

/* Begin PBXBuildFile section */
		DD74EBE8207EB26A2188768A /* libPods-MyiOSTest.a in Frameworks */ = {isa = PBXBuildFile; fileRef = 72626486F3EC55252D923370 /* libPods-MyiOSTest.a */; };
		FD40835E271E9D6100F0292B /* AppDelegate.m in Sources */ = {isa = PBXBuildFile; fileRef = FD40835D271E9D6100F0292B /* AppDelegate.m */; };
		FD408361271E9D6100F0292B /* SceneDelegate.m in Sources */ = {isa = PBXBuildFile; fileRef = FD408360271E9D6100F0292B /* SceneDelegate.m */; };
		FD408364271E9D6100F0292B /* ViewController.m in Sources */ = {isa = PBXBuildFile; fileRef = FD408363271E9D6100F0292B /* ViewController.m */; };
		FD408367271E9D6100F0292B /* Main.storyboard in Resources */ = {isa = PBXBuildFile; fileRef = FD408365271E9D6100F0292B /* Main.storyboard */; };
		FD408369271E9D6300F0292B /* Assets.xcassets in Resources */ = {isa = PBXBuildFile; fileRef = FD408368271E9D6300F0292B /* Assets.xcassets */; };
		FD40836C271E9D6300F0292B /* LaunchScreen.storyboard in Resources */ = {isa = PBXBuildFile; fileRef = FD40836A271E9D6300F0292B /* LaunchScreen.storyboard */; };
		FD40836F271E9D6300F0292B /* main.m in Sources */ = {isa = PBXBuildFile; fileRef = FD40836E271E9D6300F0292B /* main.m */; };
/* End PBXBuildFile section */

/* Begin PBXFileReference section */
		0C78E780BF191DDFCDA7BBFF /* Pods-MyiOSTest.debug.xcconfig */ = {isa = PBXFileReference; includeInIndex = 1; lastKnownFileType = text.xcconfig; name = "Pods-MyiOSTest.debug.xcconfig"; path = "Target Support Files/Pods-MyiOSTest/Pods-MyiOSTest.debug.xcconfig"; sourceTree = "<group>"; };
		72626486F3EC55252D923370 /* libPods-MyiOSTest.a */ = {isa = PBXFileReference; explicitFileType = archive.ar; includeInIndex = 0; path = "libPods-MyiOSTest.a"; sourceTree = BUILT_PRODUCTS_DIR; };
		E0BC39C4A03D0D40E81AF2B3 /* Pods-MyiOSTest.release.xcconfig */ = {isa = PBXFileReference; includeInIndex = 1; lastKnownFileType = text.xcconfig; name = "Pods-MyiOSTest.release.xcconfig"; path = "Target Support Files/Pods-MyiOSTest/Pods-MyiOSTest.release.xcconfig"; sourceTree = "<group>"; };
		FD408359271E9D6100F0292B /* MyiOSTest.app */ = {isa = PBXFileReference; explicitFileType = wrapper.application; includeInIndex = 0; path = MyiOSTest.app; sourceTree = BUILT_PRODUCTS_DIR; };
		FD40835C271E9D6100F0292B /* AppDelegate.h */ = {isa = PBXFileReference; lastKnownFileType = sourcecode.c.h; path = AppDelegate.h; sourceTree = "<group>"; };
		FD40835D271E9D6100F0292B /* AppDelegate.m */ = {isa = PBXFileReference; lastKnownFileType = sourcecode.c.objc; path = AppDelegate.m; sourceTree = "<group>"; };
		FD40835F271E9D6100F0292B /* SceneDelegate.h */ = {isa = PBXFileReference; lastKnownFileType = sourcecode.c.h; path = SceneDelegate.h; sourceTree = "<group>"; };
		FD408360271E9D6100F0292B /* SceneDelegate.m */ = {isa = PBXFileReference; lastKnownFileType = sourcecode.c.objc; path = SceneDelegate.m; sourceTree = "<group>"; };
		FD408362271E9D6100F0292B /* ViewController.h */ = {isa = PBXFileReference; lastKnownFileType = sourcecode.c.h; path = ViewController.h; sourceTree = "<group>"; };
		FD408363271E9D6100F0292B /* ViewController.m */ = {isa = PBXFileReference; lastKnownFileType = sourcecode.c.objc; path = ViewController.m; sourceTree = "<group>"; };
		FD408366271E9D6100F0292B /* Base */ = {isa = PBXFileReference; lastKnownFileType = file.storyboard; name = Base; path = Base.lproj/Main.storyboard; sourceTree = "<group>"; };
		FD408368271E9D6300F0292B /* Assets.xcassets */ = {isa = PBXFileReference; lastKnownFileType = folder.assetcatalog; path = Assets.xcassets; sourceTree = "<group>"; };
		FD40836B271E9D6300F0292B /* Base */ = {isa = PBXFileReference; lastKnownFileType = file.storyboard; name = Base; path = Base.lproj/LaunchScreen.storyboard; sourceTree = "<group>"; };
		FD40836D271E9D6300F0292B /* Info.plist */ = {isa = PBXFileReference; lastKnownFileType = text.plist.xml; path = Info.plist; sourceTree = "<group>"; };
		FD40836E271E9D6300F0292B /* main.m */ = {isa = PBXFileReference; lastKnownFileType = sourcecode.c.objc; path = main.m; sourceTree = "<group>"; };
/* End PBXFileReference section */

/* Begin PBXFrameworksBuildPhase section */
		FD408356271E9D6100F0292B /* Frameworks */ = {
			isa = PBXFrameworksBuildPhase;
			buildActionMask = 2147483647;
			files = (
				DD74EBE8207EB26A2188768A /* libPods-MyiOSTest.a in Frameworks */,
			);
			runOnlyForDeploymentPostprocessing = 0;
		};
/* End PBXFrameworksBuildPhase section */

/* Begin PBXGroup section */
		884CF6A39394C0874B993A49 /* Frameworks */ = {
			isa = PBXGroup;
			children = (
				72626486F3EC55252D923370 /* libPods-MyiOSTest.a */,
			);
			name = Frameworks;
			sourceTree = "<group>";
		};
		BF66EEC99823BA55852AA564 /* Pods */ = {
			isa = PBXGroup;
			children = (
				0C78E780BF191DDFCDA7BBFF /* Pods-MyiOSTest.debug.xcconfig */,
				E0BC39C4A03D0D40E81AF2B3 /* Pods-MyiOSTest.release.xcconfig */,
			);
			name = Pods;
			path = Pods;
			sourceTree = "<group>";
		};
		FD408350271E9D6100F0292B = {
			isa = PBXGroup;
			children = (
				FD40835B271E9D6100F0292B /* MyiOSTest */,
				FD40835A271E9D6100F0292B /* Products */,
				BF66EEC99823BA55852AA564 /* Pods */,
				884CF6A39394C0874B993A49 /* Frameworks */,
			);
			sourceTree = "<group>";
		};
		FD40835A271E9D6100F0292B /* Products */ = {
			isa = PBXGroup;
			children = (
				FD408359271E9D6100F0292B /* MyiOSTest.app */,
			);
			name = Products;
			sourceTree = "<group>";
		};
		FD40835B271E9D6100F0292B /* MyiOSTest */ = {
			isa = PBXGroup;
			children = (
				FD40835C271E9D6100F0292B /* AppDelegate.h */,
				FD40835D271E9D6100F0292B /* AppDelegate.m */,
				FD40835F271E9D6100F0292B /* SceneDelegate.h */,
				FD408360271E9D6100F0292B /* SceneDelegate.m */,
				FD408362271E9D6100F0292B /* ViewController.h */,
				FD408363271E9D6100F0292B /* ViewController.m */,
				FD408365271E9D6100F0292B /* Main.storyboard */,
				FD408368271E9D6300F0292B /* Assets.xcassets */,
				FD40836A271E9D6300F0292B /* LaunchScreen.storyboard */,
				FD40836D271E9D6300F0292B /* Info.plist */,
				FD40836E271E9D6300F0292B /* main.m */,
			);
			path = MyiOSTest;
			sourceTree = "<group>";
		};
/* End PBXGroup section */

/* Begin PBXNativeTarget section */
		FD408358271E9D6100F0292B /* MyiOSTest */ = {
			isa = PBXNativeTarget;
			buildConfigurationList = FD408372271E9D6300F0292B /* Build configuration list for PBXNativeTarget "MyiOSTest" */;
			buildPhases = (
				937F05A4B20145F2EFA4F2A2 /* [CP] Check Pods Manifest.lock */,
				5CEF91DC7D02B215BAE118E4 /* [CP-User] Run Flutter Build flutterproject Script */,
				FD408355271E9D6100F0292B /* Sources */,
				FD408356271E9D6100F0292B /* Frameworks */,
				FD408357271E9D6100F0292B /* Resources */,
				B9936E0EA1BC18A9938F2C76 /* [CP] Embed Pods Frameworks */,
			);
			buildRules = (
			);
			dependencies = (
			);
			name = MyiOSTest;
			productName = MyiOSTest;
			productReference = FD408359271E9D6100F0292B /* MyiOSTest.app */;
			productType = "com.apple.product-type.application";
		};
/* End PBXNativeTarget section */

/* Begin PBXProject section */
		FD408351271E9D6100F0292B /* Project object */ = {
			isa = PBXProject;
			attributes = {
				BuildIndependentTargetsInParallel = 1;
				LastUpgradeCheck = 1300;
				TargetAttributes = {
					FD408358271E9D6100F0292B = {
						CreatedOnToolsVersion = 13.0;
					};
				};
			};
			buildConfigurationList = FD408354271E9D6100F0292B /* Build configuration list for PBXProject "MyiOSTest" */;
			compatibilityVersion = "Xcode 13.0";
			developmentRegion = en;
			hasScannedForEncodings = 0;
			knownRegions = (
				en,
				Base,
			);
			mainGroup = FD408350271E9D6100F0292B;
			productRefGroup = FD40835A271E9D6100F0292B /* Products */;
			projectDirPath = "";
			projectRoot = "";
			targets = (
				FD408358271E9D6100F0292B /* MyiOSTest */,
			);
		};
/* End PBXProject section */

/* Begin PBXResourcesBuildPhase section */
		FD408357271E9D6100F0292B /* Resources */ = {
			isa = PBXResourcesBuildPhase;
			buildActionMask = 2147483647;
			files = (
				FD40836C271E9D6300F0292B /* LaunchScreen.storyboard in Resources */,
				FD408369271E9D6300F0292B /* Assets.xcassets in Resources */,
				FD408367271E9D6100F0292B /* Main.storyboard in Resources */,
			);
			runOnlyForDeploymentPostprocessing = 0;
		};
/* End PBXResourcesBuildPhase section */

/* Begin PBXShellScriptBuildPhase section */
		5CEF91DC7D02B215BAE118E4 /* [CP-User] Run Flutter Build flutterproject Script */ = {
			isa = PBXShellScriptBuildPhase;
			buildActionMask = 2147483647;
			files = (
			);
			name = "[CP-User] Run Flutter Build flutterproject Script";
			runOnlyForDeploymentPostprocessing = 0;
			shellPath = /bin/sh;
			shellScript = "set -e\nset -u\nsource \"${SRCROOT}/../flutterproject/.ios/Flutter/flutter_export_environment.sh\"\nexport VERBOSE_SCRIPT_LOGGING=1 && \"$FLUTTER_ROOT\"/packages/flutter_tools/bin/xcode_backend.sh build";
		};
		937F05A4B20145F2EFA4F2A2 /* [CP] Check Pods Manifest.lock */ = {
			isa = PBXShellScriptBuildPhase;
			buildActionMask = 2147483647;
			files = (
			);
			inputFileListPaths = (
			);
			inputPaths = (
				"${PODS_PODFILE_DIR_PATH}/Podfile.lock",
				"${PODS_ROOT}/Manifest.lock",
			);
			name = "[CP] Check Pods Manifest.lock";
			outputFileListPaths = (
			);
			outputPaths = (
				"$(DERIVED_FILE_DIR)/Pods-MyiOSTest-checkManifestLockResult.txt",
			);
			runOnlyForDeploymentPostprocessing = 0;
			shellPath = /bin/sh;
			shellScript = "diff \"${PODS_PODFILE_DIR_PATH}/Podfile.lock\" \"${PODS_ROOT}/Manifest.lock\" > /dev/null\nif [ $? != 0 ] ; then\n    # print error to STDERR\n    echo \"error: The sandbox is not in sync with the Podfile.lock. Run 'pod install' or update your CocoaPods installation.\" >&2\n    exit 1\nfi\n# This output is used by Xcode 'outputs' to avoid re-running this script phase.\necho \"SUCCESS\" > \"${SCRIPT_OUTPUT_FILE_0}\"\n";
			showEnvVarsInLog = 0;
		};
		B9936E0EA1BC18A9938F2C76 /* [CP] Embed Pods Frameworks */ = {
			isa = PBXShellScriptBuildPhase;
			buildActionMask = 2147483647;
			files = (
			);
			inputFileListPaths = (
				"${PODS_ROOT}/Target Support Files/Pods-MyiOSTest/Pods-MyiOSTest-frameworks-${CONFIGURATION}-input-files.xcfilelist",
			);
			name = "[CP] Embed Pods Frameworks";
			outputFileListPaths = (
				"${PODS_ROOT}/Target Support Files/Pods-MyiOSTest/Pods-MyiOSTest-frameworks-${CONFIGURATION}-output-files.xcfilelist",
			);
			runOnlyForDeploymentPostprocessing = 0;
			shellPath = /bin/sh;
			shellScript = "\"${PODS_ROOT}/Target Support Files/Pods-MyiOSTest/Pods-MyiOSTest-frameworks.sh\"\n";
			showEnvVarsInLog = 0;
		};
/* End PBXShellScriptBuildPhase section */

/* Begin PBXSourcesBuildPhase section */
		FD408355271E9D6100F0292B /* Sources */ = {
			isa = PBXSourcesBuildPhase;
			buildActionMask = 2147483647;
			files = (
				FD408364271E9D6100F0292B /* ViewController.m in Sources */,
				FD40835E271E9D6100F0292B /* AppDelegate.m in Sources */,
				FD40836F271E9D6300F0292B /* main.m in Sources */,
				FD408361271E9D6100F0292B /* SceneDelegate.m in Sources */,
			);
			runOnlyForDeploymentPostprocessing = 0;
		};
/* End PBXSourcesBuildPhase section */

/* Begin PBXVariantGroup section */
		FD408365271E9D6100F0292B /* Main.storyboard */ = {
			isa = PBXVariantGroup;
			children = (
				FD408366271E9D6100F0292B /* Base */,
			);
			name = Main.storyboard;
			sourceTree = "<group>";
		};
		FD40836A271E9D6300F0292B /* LaunchScreen.storyboard */ = {
			isa = PBXVariantGroup;
			children = (
				FD40836B271E9D6300F0292B /* Base */,
			);
			name = LaunchScreen.storyboard;
			sourceTree = "<group>";
		};
/* End PBXVariantGroup section */

/* Begin XCBuildConfiguration section */
		FD408370271E9D6300F0292B /* Debug */ = {
			isa = XCBuildConfiguration;
			buildSettings = {
				ALWAYS_SEARCH_USER_PATHS = NO;
				CLANG_ANALYZER_NONNULL = YES;
				CLANG_ANALYZER_NUMBER_OBJECT_CONVERSION = YES_AGGRESSIVE;
				CLANG_CXX_LANGUAGE_STANDARD = "gnu++17";
				CLANG_CXX_LIBRARY = "libc++";
				CLANG_ENABLE_MODULES = YES;
				CLANG_ENABLE_OBJC_ARC = YES;
				CLANG_ENABLE_OBJC_WEAK = YES;
				CLANG_WARN_BLOCK_CAPTURE_AUTORELEASING = YES;
				CLANG_WARN_BOOL_CONVERSION = YES;
				CLANG_WARN_COMMA = YES;
				CLANG_WARN_CONSTANT_CONVERSION = YES;
				CLANG_WARN_DEPRECATED_OBJC_IMPLEMENTATIONS = YES;
				CLANG_WARN_DIRECT_OBJC_ISA_USAGE = YES_ERROR;
				CLANG_WARN_DOCUMENTATION_COMMENTS = YES;
				CLANG_WARN_EMPTY_BODY = YES;
				CLANG_WARN_ENUM_CONVERSION = YES;
				CLANG_WARN_INFINITE_RECURSION = YES;
				CLANG_WARN_INT_CONVERSION = YES;
				CLANG_WARN_NON_LITERAL_NULL_CONVERSION = YES;
				CLANG_WARN_OBJC_IMPLICIT_RETAIN_SELF = YES;
				CLANG_WARN_OBJC_LITERAL_CONVERSION = YES;
				CLANG_WARN_OBJC_ROOT_CLASS = YES_ERROR;
				CLANG_WARN_QUOTED_INCLUDE_IN_FRAMEWORK_HEADER = YES;
				CLANG_WARN_RANGE_LOOP_ANALYSIS = YES;
				CLANG_WARN_STRICT_PROTOTYPES = YES;
				CLANG_WARN_SUSPICIOUS_MOVE = YES;
				CLANG_WARN_UNGUARDED_AVAILABILITY = YES_AGGRESSIVE;
				CLANG_WARN_UNREACHABLE_CODE = YES;
				CLANG_WARN__DUPLICATE_METHOD_MATCH = YES;
				COPY_PHASE_STRIP = NO;
				DEBUG_INFORMATION_FORMAT = dwarf;
				ENABLE_STRICT_OBJC_MSGSEND = YES;
				ENABLE_TESTABILITY = YES;
				GCC_C_LANGUAGE_STANDARD = gnu11;
				GCC_DYNAMIC_NO_PIC = NO;
				GCC_NO_COMMON_BLOCKS = YES;
				GCC_OPTIMIZATION_LEVEL = 0;
				GCC_PREPROCESSOR_DEFINITIONS = (
					"DEBUG=1",
					"$(inherited)",
				);
				GCC_WARN_64_TO_32_BIT_CONVERSION = YES;
				GCC_WARN_ABOUT_RETURN_TYPE = YES_ERROR;
				GCC_WARN_UNDECLARED_SELECTOR = YES;
				GCC_WARN_UNINITIALIZED_AUTOS = YES_AGGRESSIVE;
				GCC_WARN_UNUSED_FUNCTION = YES;
				GCC_WARN_UNUSED_VARIABLE = YES;
				IPHONEOS_DEPLOYMENT_TARGET = 15.0;
				MTL_ENABLE_DEBUG_INFO = INCLUDE_SOURCE;
				MTL_FAST_MATH = YES;
				ONLY_ACTIVE_ARCH = YES;
				SDKROOT = iphoneos;
			};
			name = Debug;
		};
		FD408371271E9D6300F0292B /* Release */ = {
			isa = XCBuildConfiguration;
			buildSettings = {
				ALWAYS_SEARCH_USER_PATHS = NO;
				CLANG_ANALYZER_NONNULL = YES;
				CLANG_ANALYZER_NUMBER_OBJECT_CONVERSION = YES_AGGRESSIVE;
				CLANG_CXX_LANGUAGE_STANDARD = "gnu++17";
				CLANG_CXX_LIBRARY = "libc++";
				CLANG_ENABLE_MODULES = YES;
				CLANG_ENABLE_OBJC_ARC = YES;
				CLANG_ENABLE_OBJC_WEAK = YES;
				CLANG_WARN_BLOCK_CAPTURE_AUTORELEASING = YES;
				CLANG_WARN_BOOL_CONVERSION = YES;
				CLANG_WARN_COMMA = YES;
				CLANG_WARN_CONSTANT_CONVERSION = YES;
				CLANG_WARN_DEPRECATED_OBJC_IMPLEMENTATIONS = YES;
				CLANG_WARN_DIRECT_OBJC_ISA_USAGE = YES_ERROR;
				CLANG_WARN_DOCUMENTATION_COMMENTS = YES;
				CLANG_WARN_EMPTY_BODY = YES;
				CLANG_WARN_ENUM_CONVERSION = YES;
				CLANG_WARN_INFINITE_RECURSION = YES;
				CLANG_WARN_INT_CONVERSION = YES;
				CLANG_WARN_NON_LITERAL_NULL_CONVERSION = YES;
				CLANG_WARN_OBJC_IMPLICIT_RETAIN_SELF = YES;
				CLANG_WARN_OBJC_LITERAL_CONVERSION = YES;
				CLANG_WARN_OBJC_ROOT_CLASS = YES_ERROR;
				CLANG_WARN_QUOTED_INCLUDE_IN_FRAMEWORK_HEADER = YES;
				CLANG_WARN_RANGE_LOOP_ANALYSIS = YES;
				CLANG_WARN_STRICT_PROTOTYPES = YES;
				CLANG_WARN_SUSPICIOUS_MOVE = YES;
				CLANG_WARN_UNGUARDED_AVAILABILITY = YES_AGGRESSIVE;
				CLANG_WARN_UNREACHABLE_CODE = YES;
				CLANG_WARN__DUPLICATE_METHOD_MATCH = YES;
				COPY_PHASE_STRIP = NO;
				DEBUG_INFORMATION_FORMAT = "dwarf-with-dsym";
				ENABLE_NS_ASSERTIONS = NO;
				ENABLE_STRICT_OBJC_MSGSEND = YES;
				GCC_C_LANGUAGE_STANDARD = gnu11;
				GCC_NO_COMMON_BLOCKS = YES;
				GCC_WARN_64_TO_32_BIT_CONVERSION = YES;
				GCC_WARN_ABOUT_RETURN_TYPE = YES_ERROR;
				GCC_WARN_UNDECLARED_SELECTOR = YES;
				GCC_WARN_UNINITIALIZED_AUTOS = YES_AGGRESSIVE;
				GCC_WARN_UNUSED_FUNCTION = YES;
				GCC_WARN_UNUSED_VARIABLE = YES;
				IPHONEOS_DEPLOYMENT_TARGET = 15.0;
				MTL_ENABLE_DEBUG_INFO = NO;
				MTL_FAST_MATH = YES;
				SDKROOT = iphoneos;
				VALIDATE_PRODUCT = YES;
			};
			name = Release;
		};
		FD408373271E9D6300F0292B /* Debug */ = {
			isa = XCBuildConfiguration;
			baseConfigurationReference = 0C78E780BF191DDFCDA7BBFF /* Pods-MyiOSTest.debug.xcconfig */;
			buildSettings = {
				ASSETCATALOG_COMPILER_APPICON_NAME = AppIcon;
				ASSETCATALOG_COMPILER_GLOBAL_ACCENT_COLOR_NAME = AccentColor;
				CODE_SIGN_IDENTITY = "iPhone Developer";
				CODE_SIGN_STYLE = Manual;
				CURRENT_PROJECT_VERSION = 1;
				DEVELOPMENT_TEAM = YTTCV4V8Y6;
				GENERATE_INFOPLIST_FILE = YES;
				INFOPLIST_FILE = MyiOSTest/Info.plist;
				INFOPLIST_KEY_UIApplicationSupportsIndirectInputEvents = YES;
				INFOPLIST_KEY_UILaunchStoryboardName = LaunchScreen;
				INFOPLIST_KEY_UIMainStoryboardFile = Main;
				INFOPLIST_KEY_UISupportedInterfaceOrientations_iPad = "UIInterfaceOrientationPortrait UIInterfaceOrientationPortraitUpsideDown UIInterfaceOrientationLandscapeLeft UIInterfaceOrientationLandscapeRight";
				INFOPLIST_KEY_UISupportedInterfaceOrientations_iPhone = "UIInterfaceOrientationPortrait UIInterfaceOrientationLandscapeLeft UIInterfaceOrientationLandscapeRight";
				LD_RUNPATH_SEARCH_PATHS = (
					"$(inherited)",
					"@executable_path/Frameworks",
				);
				MARKETING_VERSION = 1.0;
				PRODUCT_BUNDLE_IDENTIFIER = com.babytree.pregnancy;
				PRODUCT_NAME = "$(TARGET_NAME)";
				PROVISIONING_PROFILE_SPECIFIER = pregnancy_210220_dev;
				SWIFT_EMIT_LOC_STRINGS = YES;
				TARGETED_DEVICE_FAMILY = "1,2";
			};
			name = Debug;
		};
		FD408374271E9D6300F0292B /* Release */ = {
			isa = XCBuildConfiguration;
			baseConfigurationReference = E0BC39C4A03D0D40E81AF2B3 /* Pods-MyiOSTest.release.xcconfig */;
			buildSettings = {
				ASSETCATALOG_COMPILER_APPICON_NAME = AppIcon;
				ASSETCATALOG_COMPILER_GLOBAL_ACCENT_COLOR_NAME = AccentColor;
				CODE_SIGN_IDENTITY = "iPhone Developer";
				CODE_SIGN_STYLE = Manual;
				CURRENT_PROJECT_VERSION = 1;
				DEVELOPMENT_TEAM = YTTCV4V8Y6;
				GENERATE_INFOPLIST_FILE = YES;
				INFOPLIST_FILE = MyiOSTest/Info.plist;
				INFOPLIST_KEY_UIApplicationSupportsIndirectInputEvents = YES;
				INFOPLIST_KEY_UILaunchStoryboardName = LaunchScreen;
				INFOPLIST_KEY_UIMainStoryboardFile = Main;
				INFOPLIST_KEY_UISupportedInterfaceOrientations_iPad = "UIInterfaceOrientationPortrait UIInterfaceOrientationPortraitUpsideDown UIInterfaceOrientationLandscapeLeft UIInterfaceOrientationLandscapeRight";
				INFOPLIST_KEY_UISupportedInterfaceOrientations_iPhone = "UIInterfaceOrientationPortrait UIInterfaceOrientationLandscapeLeft UIInterfaceOrientationLandscapeRight";
				LD_RUNPATH_SEARCH_PATHS = (
					"$(inherited)",
					"@executable_path/Frameworks",
				);
				MARKETING_VERSION = 1.0;
				PRODUCT_BUNDLE_IDENTIFIER = com.babytree.pregnancy;
				PRODUCT_NAME = "$(TARGET_NAME)";
				PROVISIONING_PROFILE_SPECIFIER = pregnancy_210220_dev;
				SWIFT_EMIT_LOC_STRINGS = YES;
				TARGETED_DEVICE_FAMILY = "1,2";
			};
			name = Release;
		};
/* End XCBuildConfiguration section */

/* Begin XCConfigurationList section */
		FD408354271E9D6100F0292B /* Build configuration list for PBXProject "MyiOSTest" */ = {
			isa = XCConfigurationList;
			buildConfigurations = (
				FD408370271E9D6300F0292B /* Debug */,
				FD408371271E9D6300F0292B /* Release */,
			);
			defaultConfigurationIsVisible = 0;
			defaultConfigurationName = Release;
		};
		FD408372271E9D6300F0292B /* Build configuration list for PBXNativeTarget "MyiOSTest" */ = {
			isa = XCConfigurationList;
			buildConfigurations = (
				FD408373271E9D6300F0292B /* Debug */,
				FD408374271E9D6300F0292B /* Release */,
			);
			defaultConfigurationIsVisible = 0;
			defaultConfigurationName = Release;
		};
/* End XCConfigurationList section */
	};
	rootObject = FD408351271E9D6100F0292B /* Project object */;
}
