PODS:
  - AFNetworking (4.0.1):
    - AFNetworking/NSURLSession (= 4.0.1)
    - AFNetworking/Reachability (= 4.0.1)
    - AFNetworking/Security (= 4.0.1)
    - AFNetworking/Serialization (= 4.0.1)
    - AFNetworking/UIKit (= 4.0.1)
  - AFNetworking/NSURLSession (4.0.1):
    - AFNetworking/Reachability
    - AFNetworking/Security
    - AFNetworking/Serialization
  - AFNetworking/Reachability (4.0.1)
  - AFNetworking/Security (4.0.1)
  - AFNetworking/Serialization (4.0.1)
  - AFNetworking/UIKit (4.0.1):
    - AFNetworking/NSURLSession
  - auto_orientation (0.0.1):
    - Flutter
  - device_info (0.0.1):
    - Flutter
  - Flutter (1.0.0)
  - FMDB (2.7.5):
    - FMDB/standard (= 2.7.5)
  - FMDB/standard (2.7.5)
  - Masonry (1.1.0)
  - package_info (0.0.1):
    - Flutter
  - path_provider (0.0.1):
    - Flutter
  - SDWebImage (5.11.1):
    - SDWebImage/Core (= 5.11.1)
  - SDWebImage/Core (5.11.1)
  - shared_preferences (0.0.1):
    - Flutter
  - sqflite (0.0.2):
    - Flutter
    - FMDB (>= 2.7.5)
  - super_player (0.0.1):
    - Flutter
    - SuperPlayer
  - SuperPlayer (3.3.9):
    - AFNetworking
    - Masonry
    - SDWebImage
    - SuperPlayer/Player (= 3.3.9)
  - SuperPlayer/Player (3.3.9):
    - AFNetworking
    - Masonry
    - SDWebImage
    - TXLiteAVSDK_Player
  - TXLiteAVSDK_Player (9.0.10433)
  - video_player (0.0.1):
    - Flutter
  - wakelock (0.0.1):
    - Flutter
  - webview_flutter (0.0.1):
    - Flutter

DEPENDENCIES:
  - auto_orientation (from `.symlinks/plugins/auto_orientation/ios`)
  - device_info (from `.symlinks/plugins/device_info/ios`)
  - Flutter (from `Flutter`)
  - package_info (from `.symlinks/plugins/package_info/ios`)
  - path_provider (from `.symlinks/plugins/path_provider/ios`)
  - shared_preferences (from `.symlinks/plugins/shared_preferences/ios`)
  - sqflite (from `.symlinks/plugins/sqflite/ios`)
  - super_player (from `.symlinks/plugins/super_player/ios`)
  - SuperPlayer/Player (= 3.3.9)
  - video_player (from `.symlinks/plugins/video_player/ios`)
  - wakelock (from `.symlinks/plugins/wakelock/ios`)
  - webview_flutter (from `.symlinks/plugins/webview_flutter/ios`)

SPEC REPOS:
  trunk:
    - AFNetworking
    - FMDB
    - Masonry
    - SDWebImage
    - SuperPlayer
    - TXLiteAVSDK_Player

EXTERNAL SOURCES:
  auto_orientation:
    :path: ".symlinks/plugins/auto_orientation/ios"
  device_info:
    :path: ".symlinks/plugins/device_info/ios"
  Flutter:
    :path: Flutter
  package_info:
    :path: ".symlinks/plugins/package_info/ios"
  path_provider:
    :path: ".symlinks/plugins/path_provider/ios"
  shared_preferences:
    :path: ".symlinks/plugins/shared_preferences/ios"
  sqflite:
    :path: ".symlinks/plugins/sqflite/ios"
  super_player:
    :path: ".symlinks/plugins/super_player/ios"
  video_player:
    :path: ".symlinks/plugins/video_player/ios"
  wakelock:
    :path: ".symlinks/plugins/wakelock/ios"
  webview_flutter:
    :path: ".symlinks/plugins/webview_flutter/ios"

SPEC CHECKSUMS:
  AFNetworking: 7864c38297c79aaca1500c33288e429c3451fdce
  auto_orientation: 2941c44ebe5c3d41016001597ab03e81a92a26ce
  device_info: d7d233b645a32c40dfdc212de5cf646ca482f175
  Flutter: 434fef37c0980e73bb6479ef766c45957d4b510c
  FMDB: 2ce00b547f966261cd18927a3ddb07cb6f3db82a
  Masonry: 678fab65091a9290e40e2832a55e7ab731aad201
  package_info: 873975fc26034f0b863a300ad47e7f1ac6c7ec62
  path_provider: abfe2b5c733d04e238b0d8691db0cfd63a27a93c
  SDWebImage: a7f831e1a65eb5e285e3fb046a23fcfbf08e696d
  shared_preferences: af6bfa751691cdc24be3045c43ec037377ada40d
  sqflite: 6d358c025f5b867b29ed92fc697fd34924e11904
  super_player: e6214fc59e397e9ab0f1fe7f0ab9b5235c1a3b45
  SuperPlayer: 4ee503ceebec15d9a743ddbbe27c48691902223b
  TXLiteAVSDK_Player: 9f741380f2e757d0066d4abfde69ee0d494ba91b
  video_player: 9cc823b1d9da7e8427ee591e8438bfbcde500e6e
  wakelock: d0fc7c864128eac40eba1617cb5264d9c940b46f
  webview_flutter: 3603125dfd3bcbc9d8d418c3f80aeecf331c068b

PODFILE CHECKSUM: 191049ec2e8edfc4c971bc199eeef9efeb77784d

COCOAPODS: 1.10.2
